{
  "name": "go_food",
  "version": "1.0.0",
  "lockfileVersion": 3,
  "requires": true,
  "packages": {
    "": {
      "name": "go_food",
      "version": "1.0.0",
      "license": "ISC",
      "dependencies": {
        "go_food": "file:"
      },
      "engines": {
        "node": ">=18 <21"
      }
    },
    "node_modules/go_food": {
      "resolved": "",
      "link": true
    }
  }
}
